// !$*UTF8*$!
{
	archiveVersion = 1;
	classes = {
	};
	objectVersion = 55;
	objects = {

/* Begin PBXBuildFile section */
		423CB3938CBBE2D9DE17E0CC /* Pods_On_The_L_ine.framework in Frameworks */ = {isa = PBXBuildFile; fileRef = F3AF38C39125AEB556FD6A2D /* Pods_On_The_L_ine.framework */; };
		9A0678C428171CE800C7D82E /* HTTPServerManager.swift in Sources */ = {isa = PBXBuildFile; fileRef = 9A0678C328171CE800C7D82E /* HTTPServerManager.swift */; };
		9A0678C728173F1500C7D82E /* NetworkError.swift in Sources */ = {isa = PBXBuildFile; fileRef = 9A0678C628173F1500C7D82E /* NetworkError.swift */; };
		9A0678C9281752C600C7D82E /* WebSocketManager.swift in Sources */ = {isa = PBXBuildFile; fileRef = 9A0678C8281752C600C7D82E /* WebSocketManager.swift */; };
		9A0678CD2818A30E00C7D82E /* AccountFormViewController.swift in Sources */ = {isa = PBXBuildFile; fileRef = 9A0678CC2818A30E00C7D82E /* AccountFormViewController.swift */; };
		9A0678D12818ACF600C7D82E /* CustomTextField.swift in Sources */ = {isa = PBXBuildFile; fileRef = 9A0678D02818ACF600C7D82E /* CustomTextField.swift */; };
		9A0AEC202898518D0070BFE4 /* AccountSettingsViewController.swift in Sources */ = {isa = PBXBuildFile; fileRef = 9A0AEC1F2898518D0070BFE4 /* AccountSettingsViewController.swift */; };
		9A1433F12814998B00FCDC70 /* GoogleService-Info.plist in Resources */ = {isa = PBXBuildFile; fileRef = 9A1433F02814998B00FCDC70 /* GoogleService-Info.plist */; };
		9A153DD32822D31000537CDE /* LoadingViewController.swift in Sources */ = {isa = PBXBuildFile; fileRef = 9A153DD22822D31000537CDE /* LoadingViewController.swift */; };
		9A153DD52823330E00537CDE /* DeepLinkManager.swift in Sources */ = {isa = PBXBuildFile; fileRef = 9A153DD42823330E00537CDE /* DeepLinkManager.swift */; };
		9A153DD728244F2C00537CDE /* ResultScreenViewController.swift in Sources */ = {isa = PBXBuildFile; fileRef = 9A153DD628244F2C00537CDE /* ResultScreenViewController.swift */; };
		9A170D15280F049E0012A60D /* ComputerManager.swift in Sources */ = {isa = PBXBuildFile; fileRef = 9A170D14280F049E0012A60D /* ComputerManager.swift */; };
		9A1937F3285E114800C39B5A /* TutorialManager.swift in Sources */ = {isa = PBXBuildFile; fileRef = 9A1937F2285E114800C39B5A /* TutorialManager.swift */; };
		9A1CCE1D28961CDB006EE289 /* ResizingFonts.swift in Sources */ = {isa = PBXBuildFile; fileRef = 9A1CCE1C28961CDB006EE289 /* ResizingFonts.swift */; };
		9A37C2A0281471EF003C5E55 /* UIButton+CustomButton.swift in Sources */ = {isa = PBXBuildFile; fileRef = 9A37C29F281471EF003C5E55 /* UIButton+CustomButton.swift */; };
		9A4146BB285B660C0046CE24 /* Bundle+VersionNumber.swift in Sources */ = {isa = PBXBuildFile; fileRef = 9A4146BA285B660B0046CE24 /* Bundle+VersionNumber.swift */; };
		9A4146BD285B6D1F0046CE24 /* AlertCardManager.swift in Sources */ = {isa = PBXBuildFile; fileRef = 9A4146BC285B6D1F0046CE24 /* AlertCardManager.swift */; };
		9A538FAA280DBE9A00E9E55C /* Board.swift in Sources */ = {isa = PBXBuildFile; fileRef = 9A538FA9280DBE9A00E9E55C /* Board.swift */; };
		9A57A9D12814F355001D8013 /* AuthManager.swift in Sources */ = {isa = PBXBuildFile; fileRef = 9A57A9D02814F355001D8013 /* AuthManager.swift */; };
		9A57A9D32814FE54001D8013 /* FirestoreManager.swift in Sources */ = {isa = PBXBuildFile; fileRef = 9A57A9D22814FE54001D8013 /* FirestoreManager.swift */; };
		9A7304DA281B562800E86636 /* CreateRoomViewController.swift in Sources */ = {isa = PBXBuildFile; fileRef = 9A7304D9281B562800E86636 /* CreateRoomViewController.swift */; };
		9A7304DC281C3CD600E86636 /* JoinRoomViewController.swift in Sources */ = {isa = PBXBuildFile; fileRef = 9A7304DB281C3CD600E86636 /* JoinRoomViewController.swift */; };
		9A8BD8992813A4FE00ED1701 /* NotificationManager.swift in Sources */ = {isa = PBXBuildFile; fileRef = 9A8BD8982813A4FE00ED1701 /* NotificationManager.swift */; };
		9A9252D2281058FF0069BAFC /* Benchmarkers.swift in Sources */ = {isa = PBXBuildFile; fileRef = 9A9252D1281058FF0069BAFC /* Benchmarkers.swift */; };
		9A9252D42810A3730069BAFC /* Colors.swift in Sources */ = {isa = PBXBuildFile; fileRef = 9A9252D32810A3730069BAFC /* Colors.swift */; };
		9A9A12B7281AE56700AE23E1 /* OnlineMenuViewController.swift in Sources */ = {isa = PBXBuildFile; fileRef = 9A9A12B6281AE56700AE23E1 /* OnlineMenuViewController.swift */; };
		9A9A12BB281B027300AE23E1 /* MatchFoundViewController.swift in Sources */ = {isa = PBXBuildFile; fileRef = 9A9A12BA281B027300AE23E1 /* MatchFoundViewController.swift */; };
		9A9A12BD281B037200AE23E1 /* OnlineMatchManager.swift in Sources */ = {isa = PBXBuildFile; fileRef = 9A9A12BC281B037200AE23E1 /* OnlineMatchManager.swift */; };
		9A9A12BF281B045300AE23E1 /* QueueViewController.swift in Sources */ = {isa = PBXBuildFile; fileRef = 9A9A12BE281B045300AE23E1 /* QueueViewController.swift */; };
		9AA2BFE02811C28C00A55D8F /* UIView+Gradient.swift in Sources */ = {isa = PBXBuildFile; fileRef = 9AA2BFDF2811C28C00A55D8F /* UIView+Gradient.swift */; };
		9AA2BFE22811C33900A55D8F /* MainMenuViewController.swift in Sources */ = {isa = PBXBuildFile; fileRef = 9AA2BFE12811C33900A55D8F /* MainMenuViewController.swift */; };
		9AA2BFEA2811CCA800A55D8F /* RobotoCondensed-LightItalic.ttf in Resources */ = {isa = PBXBuildFile; fileRef = 9AA2BFE42811CCA800A55D8F /* RobotoCondensed-LightItalic.ttf */; };
		9AA2BFEB2811CCA800A55D8F /* RobotoCondensed-Italic.ttf in Resources */ = {isa = PBXBuildFile; fileRef = 9AA2BFE52811CCA800A55D8F /* RobotoCondensed-Italic.ttf */; };
		9AA2BFEC2811CCA800A55D8F /* RobotoCondensed-Bold.ttf in Resources */ = {isa = PBXBuildFile; fileRef = 9AA2BFE62811CCA800A55D8F /* RobotoCondensed-Bold.ttf */; };
		9AA2BFED2811CCA800A55D8F /* RobotoCondensed-Light.ttf in Resources */ = {isa = PBXBuildFile; fileRef = 9AA2BFE72811CCA800A55D8F /* RobotoCondensed-Light.ttf */; };
		9AA2BFEE2811CCA800A55D8F /* RobotoCondensed-Regular.ttf in Resources */ = {isa = PBXBuildFile; fileRef = 9AA2BFE82811CCA800A55D8F /* RobotoCondensed-Regular.ttf */; };
		9AA2BFEF2811CCA800A55D8F /* RobotoCondensed-BoldItalic.ttf in Resources */ = {isa = PBXBuildFile; fileRef = 9AA2BFE92811CCA800A55D8F /* RobotoCondensed-BoldItalic.ttf */; };
		9AA2C0082811CE7200A55D8F /* Raleway-Italic-VariableFont_wght.ttf in Resources */ = {isa = PBXBuildFile; fileRef = 9AA2BFF12811CE7200A55D8F /* Raleway-Italic-VariableFont_wght.ttf */; };
		9AA2C0092811CE7200A55D8F /* Raleway-BoldItalic.ttf in Resources */ = {isa = PBXBuildFile; fileRef = 9AA2BFF32811CE7200A55D8F /* Raleway-BoldItalic.ttf */; };
		9AA2C00A2811CE7200A55D8F /* Raleway-MediumItalic.ttf in Resources */ = {isa = PBXBuildFile; fileRef = 9AA2BFF42811CE7200A55D8F /* Raleway-MediumItalic.ttf */; };
		9AA2C00B2811CE7200A55D8F /* Raleway-ThinItalic.ttf in Resources */ = {isa = PBXBuildFile; fileRef = 9AA2BFF52811CE7200A55D8F /* Raleway-ThinItalic.ttf */; };
		9AA2C00C2811CE7200A55D8F /* Raleway-ExtraLight.ttf in Resources */ = {isa = PBXBuildFile; fileRef = 9AA2BFF62811CE7200A55D8F /* Raleway-ExtraLight.ttf */; };
		9AA2C00D2811CE7200A55D8F /* Raleway-Medium.ttf in Resources */ = {isa = PBXBuildFile; fileRef = 9AA2BFF72811CE7200A55D8F /* Raleway-Medium.ttf */; };
		9AA2C00E2811CE7200A55D8F /* Raleway-SemiBold.ttf in Resources */ = {isa = PBXBuildFile; fileRef = 9AA2BFF82811CE7200A55D8F /* Raleway-SemiBold.ttf */; };
		9AA2C00F2811CE7200A55D8F /* Raleway-ExtraBold.ttf in Resources */ = {isa = PBXBuildFile; fileRef = 9AA2BFF92811CE7200A55D8F /* Raleway-ExtraBold.ttf */; };
		9AA2C0102811CE7200A55D8F /* Raleway-ExtraBoldItalic.ttf in Resources */ = {isa = PBXBuildFile; fileRef = 9AA2BFFA2811CE7200A55D8F /* Raleway-ExtraBoldItalic.ttf */; };
		9AA2C0112811CE7200A55D8F /* Raleway-Regular.ttf in Resources */ = {isa = PBXBuildFile; fileRef = 9AA2BFFB2811CE7200A55D8F /* Raleway-Regular.ttf */; };
		9AA2C0122811CE7200A55D8F /* Raleway-ExtraLightItalic.ttf in Resources */ = {isa = PBXBuildFile; fileRef = 9AA2BFFC2811CE7200A55D8F /* Raleway-ExtraLightItalic.ttf */; };
		9AA2C0132811CE7200A55D8F /* Raleway-SemiBoldItalic.ttf in Resources */ = {isa = PBXBuildFile; fileRef = 9AA2BFFD2811CE7200A55D8F /* Raleway-SemiBoldItalic.ttf */; };
		9AA2C0142811CE7200A55D8F /* Raleway-Light.ttf in Resources */ = {isa = PBXBuildFile; fileRef = 9AA2BFFE2811CE7200A55D8F /* Raleway-Light.ttf */; };
		9AA2C0152811CE7200A55D8F /* Raleway-Black.ttf in Resources */ = {isa = PBXBuildFile; fileRef = 9AA2BFFF2811CE7200A55D8F /* Raleway-Black.ttf */; };
		9AA2C0162811CE7200A55D8F /* Raleway-BlackItalic.ttf in Resources */ = {isa = PBXBuildFile; fileRef = 9AA2C0002811CE7200A55D8F /* Raleway-BlackItalic.ttf */; };
		9AA2C0172811CE7200A55D8F /* Raleway-LightItalic.ttf in Resources */ = {isa = PBXBuildFile; fileRef = 9AA2C0012811CE7200A55D8F /* Raleway-LightItalic.ttf */; };
		9AA2C0182811CE7200A55D8F /* Raleway-Thin.ttf in Resources */ = {isa = PBXBuildFile; fileRef = 9AA2C0022811CE7200A55D8F /* Raleway-Thin.ttf */; };
		9AA2C0192811CE7200A55D8F /* Raleway-Italic.ttf in Resources */ = {isa = PBXBuildFile; fileRef = 9AA2C0032811CE7200A55D8F /* Raleway-Italic.ttf */; };
		9AA2C01A2811CE7200A55D8F /* Raleway-Bold.ttf in Resources */ = {isa = PBXBuildFile; fileRef = 9AA2C0042811CE7200A55D8F /* Raleway-Bold.ttf */; };
		9AA2C01B2811CE7200A55D8F /* OFL.txt in Resources */ = {isa = PBXBuildFile; fileRef = 9AA2C0052811CE7200A55D8F /* OFL.txt */; };
		9AA2C01C2811CE7200A55D8F /* Raleway-VariableFont_wght.ttf in Resources */ = {isa = PBXBuildFile; fileRef = 9AA2C0062811CE7200A55D8F /* Raleway-VariableFont_wght.ttf */; };
		9AA2C01D2811CE7200A55D8F /* README.txt in Resources */ = {isa = PBXBuildFile; fileRef = 9AA2C0072811CE7200A55D8F /* README.txt */; };
		9AA8611328061FC0002FD013 /* AppDelegate.swift in Sources */ = {isa = PBXBuildFile; fileRef = 9AA8611228061FC0002FD013 /* AppDelegate.swift */; };
		9AA8611C28061FC1002FD013 /* Assets.xcassets in Resources */ = {isa = PBXBuildFile; fileRef = 9AA8611B28061FC1002FD013 /* Assets.xcassets */; };
		9AA86150280622B6002FD013 /* LaunchScreen.storyboard in Resources */ = {isa = PBXBuildFile; fileRef = 9AA8614E280622B6002FD013 /* LaunchScreen.storyboard */; };
		9AA86151280622B6002FD013 /* Main.storyboard in Resources */ = {isa = PBXBuildFile; fileRef = 9AA8614F280622B6002FD013 /* Main.storyboard */; };
		9AA8615228062688002FD013 /* GameBoardViewController.swift in Sources */ = {isa = PBXBuildFile; fileRef = 9AA8614728062251002FD013 /* GameBoardViewController.swift */; };
		9AA861532806268E002FD013 /* SelectionCollectionViewCell.swift in Sources */ = {isa = PBXBuildFile; fileRef = 9AA8614A28062251002FD013 /* SelectionCollectionViewCell.swift */; };
		9AA8615428062699002FD013 /* MoveManager.swift in Sources */ = {isa = PBXBuildFile; fileRef = 9AA8614528062251002FD013 /* MoveManager.swift */; };
		9AA861552806269D002FD013 /* Stack.swift in Sources */ = {isa = PBXBuildFile; fileRef = 9AA8614D28062251002FD013 /* Stack.swift */; };
		9AA8615A28062922002FD013 /* Constants.swift in Sources */ = {isa = PBXBuildFile; fileRef = 9AA8615928062922002FD013 /* Constants.swift */; };
		9AA8615C28062B5B002FD013 /* BoardManager.swift in Sources */ = {isa = PBXBuildFile; fileRef = 9AA8615B28062B5B002FD013 /* BoardManager.swift */; };
		9AA8615F28062ED5002FD013 /* BoardPiece.swift in Sources */ = {isa = PBXBuildFile; fileRef = 9AA8615E28062ED5002FD013 /* BoardPiece.swift */; };
		9AA8616128066E0B002FD013 /* PlayerType.swift in Sources */ = {isa = PBXBuildFile; fileRef = 9AA8616028066E0B002FD013 /* PlayerType.swift */; };
		9AA86163280670E0002FD013 /* TurnManager.swift in Sources */ = {isa = PBXBuildFile; fileRef = 9AA86162280670E0002FD013 /* TurnManager.swift */; };
		9AC53DD228217BF5006E8A3E /* SoundManager.swift in Sources */ = {isa = PBXBuildFile; fileRef = 9AC53DD128217BF5006E8A3E /* SoundManager.swift */; };
		9AC53DD528217D58006E8A3E /* music.mp3 in Resources */ = {isa = PBXBuildFile; fileRef = 9AC53DD428217D58006E8A3E /* music.mp3 */; };
		9AC53DD728217EFD006E8A3E /* piece.mp3 in Resources */ = {isa = PBXBuildFile; fileRef = 9AC53DD628217EFD006E8A3E /* piece.mp3 */; };
		9AC53DE12821983D006E8A3E /* ToastConfiguration.swift in Sources */ = {isa = PBXBuildFile; fileRef = 9AC53DD92821983D006E8A3E /* ToastConfiguration.swift */; };
		9AC53DE22821983D006E8A3E /* ToastView.swift in Sources */ = {isa = PBXBuildFile; fileRef = 9AC53DDB2821983D006E8A3E /* ToastView.swift */; };
		9AC53DE32821983D006E8A3E /* AppleToastView.swift in Sources */ = {isa = PBXBuildFile; fileRef = 9AC53DDD2821983D006E8A3E /* AppleToastView.swift */; };
		9AC53DE42821983D006E8A3E /* TextAppleToastView.swift in Sources */ = {isa = PBXBuildFile; fileRef = 9AC53DDE2821983D006E8A3E /* TextAppleToastView.swift */; };
		9AC53DE52821983D006E8A3E /* IconAppleToastView.swift in Sources */ = {isa = PBXBuildFile; fileRef = 9AC53DDF2821983D006E8A3E /* IconAppleToastView.swift */; };
		9AC53DE62821983E006E8A3E /* Toast.swift in Sources */ = {isa = PBXBuildFile; fileRef = 9AC53DE02821983D006E8A3E /* Toast.swift */; };
		9AD3433628120FD400B37131 /* GameMode.swift in Sources */ = {isa = PBXBuildFile; fileRef = 9AD3433528120FD400B37131 /* GameMode.swift */; };
		9AF3079B2852554A00FCA51D /* QRCodeManager.swift in Sources */ = {isa = PBXBuildFile; fileRef = 9AF3079A2852554A00FCA51D /* QRCodeManager.swift */; };
/* End PBXBuildFile section */

/* Begin PBXFileReference section */
		0FD6C652F40FF5CAB46497B2 /* Pods-On The L-ine.release.xcconfig */ = {isa = PBXFileReference; includeInIndex = 1; lastKnownFileType = text.xcconfig; name = "Pods-On The L-ine.release.xcconfig"; path = "Target Support Files/Pods-On The L-ine/Pods-On The L-ine.release.xcconfig"; sourceTree = "<group>"; };
		5693FE55FB59C8529DB10E8E /* Pods-On The L-ine.debug.xcconfig */ = {isa = PBXFileReference; includeInIndex = 1; lastKnownFileType = text.xcconfig; name = "Pods-On The L-ine.debug.xcconfig"; path = "Target Support Files/Pods-On The L-ine/Pods-On The L-ine.debug.xcconfig"; sourceTree = "<group>"; };
		9A0678C328171CE800C7D82E /* HTTPServerManager.swift */ = {isa = PBXFileReference; lastKnownFileType = sourcecode.swift; path = HTTPServerManager.swift; sourceTree = "<group>"; };
		9A0678C628173F1500C7D82E /* NetworkError.swift */ = {isa = PBXFileReference; lastKnownFileType = sourcecode.swift; path = NetworkError.swift; sourceTree = "<group>"; };
		9A0678C8281752C600C7D82E /* WebSocketManager.swift */ = {isa = PBXFileReference; lastKnownFileType = sourcecode.swift; path = WebSocketManager.swift; sourceTree = "<group>"; };
		9A0678CC2818A30E00C7D82E /* AccountFormViewController.swift */ = {isa = PBXFileReference; lastKnownFileType = sourcecode.swift; path = AccountFormViewController.swift; sourceTree = "<group>"; };
		9A0678D02818ACF600C7D82E /* CustomTextField.swift */ = {isa = PBXFileReference; lastKnownFileType = sourcecode.swift; path = CustomTextField.swift; sourceTree = "<group>"; };
		9A0AEC1F2898518D0070BFE4 /* AccountSettingsViewController.swift */ = {isa = PBXFileReference; lastKnownFileType = sourcecode.swift; path = AccountSettingsViewController.swift; sourceTree = "<group>"; };
		9A1433F02814998B00FCDC70 /* GoogleService-Info.plist */ = {isa = PBXFileReference; fileEncoding = 4; lastKnownFileType = text.plist.xml; path = "GoogleService-Info.plist"; sourceTree = "<group>"; };
		9A153DD22822D31000537CDE /* LoadingViewController.swift */ = {isa = PBXFileReference; lastKnownFileType = sourcecode.swift; path = LoadingViewController.swift; sourceTree = "<group>"; };
		9A153DD42823330E00537CDE /* DeepLinkManager.swift */ = {isa = PBXFileReference; lastKnownFileType = sourcecode.swift; path = DeepLinkManager.swift; sourceTree = "<group>"; };
		9A153DD628244F2C00537CDE /* ResultScreenViewController.swift */ = {isa = PBXFileReference; lastKnownFileType = sourcecode.swift; path = ResultScreenViewController.swift; sourceTree = "<group>"; };
		9A170D14280F049E0012A60D /* ComputerManager.swift */ = {isa = PBXFileReference; lastKnownFileType = sourcecode.swift; path = ComputerManager.swift; sourceTree = "<group>"; };
		9A1937F2285E114800C39B5A /* TutorialManager.swift */ = {isa = PBXFileReference; lastKnownFileType = sourcecode.swift; path = TutorialManager.swift; sourceTree = "<group>"; };
		9A1CCE1C28961CDB006EE289 /* ResizingFonts.swift */ = {isa = PBXFileReference; lastKnownFileType = sourcecode.swift; path = ResizingFonts.swift; sourceTree = "<group>"; };
		9A37C29F281471EF003C5E55 /* UIButton+CustomButton.swift */ = {isa = PBXFileReference; lastKnownFileType = sourcecode.swift; path = "UIButton+CustomButton.swift"; sourceTree = "<group>"; };
		9A4146BA285B660B0046CE24 /* Bundle+VersionNumber.swift */ = {isa = PBXFileReference; lastKnownFileType = sourcecode.swift; path = "Bundle+VersionNumber.swift"; sourceTree = "<group>"; };
		9A4146BC285B6D1F0046CE24 /* AlertCardManager.swift */ = {isa = PBXFileReference; lastKnownFileType = sourcecode.swift; path = AlertCardManager.swift; sourceTree = "<group>"; };
		9A4C0A2328149FB000765FAC /* On The L-ine.entitlements */ = {isa = PBXFileReference; lastKnownFileType = text.plist.entitlements; path = "On The L-ine.entitlements"; sourceTree = "<group>"; };
		9A538FA9280DBE9A00E9E55C /* Board.swift */ = {isa = PBXFileReference; lastKnownFileType = sourcecode.swift; path = Board.swift; sourceTree = "<group>"; };
		9A57A9D02814F355001D8013 /* AuthManager.swift */ = {isa = PBXFileReference; lastKnownFileType = sourcecode.swift; path = AuthManager.swift; sourceTree = "<group>"; };
		9A57A9D22814FE54001D8013 /* FirestoreManager.swift */ = {isa = PBXFileReference; lastKnownFileType = sourcecode.swift; path = FirestoreManager.swift; sourceTree = "<group>"; };
		9A7304D9281B562800E86636 /* CreateRoomViewController.swift */ = {isa = PBXFileReference; lastKnownFileType = sourcecode.swift; path = CreateRoomViewController.swift; sourceTree = "<group>"; };
		9A7304DB281C3CD600E86636 /* JoinRoomViewController.swift */ = {isa = PBXFileReference; lastKnownFileType = sourcecode.swift; path = JoinRoomViewController.swift; sourceTree = "<group>"; };
		9A8BD8982813A4FE00ED1701 /* NotificationManager.swift */ = {isa = PBXFileReference; lastKnownFileType = sourcecode.swift; path = NotificationManager.swift; sourceTree = "<group>"; };
		9A9252D1281058FF0069BAFC /* Benchmarkers.swift */ = {isa = PBXFileReference; lastKnownFileType = sourcecode.swift; path = Benchmarkers.swift; sourceTree = "<group>"; };
		9A9252D32810A3730069BAFC /* Colors.swift */ = {isa = PBXFileReference; lastKnownFileType = sourcecode.swift; path = Colors.swift; sourceTree = "<group>"; };
		9A9A12B6281AE56700AE23E1 /* OnlineMenuViewController.swift */ = {isa = PBXFileReference; lastKnownFileType = sourcecode.swift; path = OnlineMenuViewController.swift; sourceTree = "<group>"; };
		9A9A12BA281B027300AE23E1 /* MatchFoundViewController.swift */ = {isa = PBXFileReference; lastKnownFileType = sourcecode.swift; path = MatchFoundViewController.swift; sourceTree = "<group>"; };
		9A9A12BC281B037200AE23E1 /* OnlineMatchManager.swift */ = {isa = PBXFileReference; lastKnownFileType = sourcecode.swift; path = OnlineMatchManager.swift; sourceTree = "<group>"; };
		9A9A12BE281B045300AE23E1 /* QueueViewController.swift */ = {isa = PBXFileReference; lastKnownFileType = sourcecode.swift; path = QueueViewController.swift; sourceTree = "<group>"; };
		9AA2BFDF2811C28C00A55D8F /* UIView+Gradient.swift */ = {isa = PBXFileReference; lastKnownFileType = sourcecode.swift; path = "UIView+Gradient.swift"; sourceTree = "<group>"; };
		9AA2BFE12811C33900A55D8F /* MainMenuViewController.swift */ = {isa = PBXFileReference; lastKnownFileType = sourcecode.swift; path = MainMenuViewController.swift; sourceTree = "<group>"; };
		9AA2BFE42811CCA800A55D8F /* RobotoCondensed-LightItalic.ttf */ = {isa = PBXFileReference; lastKnownFileType = file; path = "RobotoCondensed-LightItalic.ttf"; sourceTree = "<group>"; };
		9AA2BFE52811CCA800A55D8F /* RobotoCondensed-Italic.ttf */ = {isa = PBXFileReference; lastKnownFileType = file; path = "RobotoCondensed-Italic.ttf"; sourceTree = "<group>"; };
		9AA2BFE62811CCA800A55D8F /* RobotoCondensed-Bold.ttf */ = {isa = PBXFileReference; lastKnownFileType = file; path = "RobotoCondensed-Bold.ttf"; sourceTree = "<group>"; };
		9AA2BFE72811CCA800A55D8F /* RobotoCondensed-Light.ttf */ = {isa = PBXFileReference; lastKnownFileType = file; path = "RobotoCondensed-Light.ttf"; sourceTree = "<group>"; };
		9AA2BFE82811CCA800A55D8F /* RobotoCondensed-Regular.ttf */ = {isa = PBXFileReference; lastKnownFileType = file; path = "RobotoCondensed-Regular.ttf"; sourceTree = "<group>"; };
		9AA2BFE92811CCA800A55D8F /* RobotoCondensed-BoldItalic.ttf */ = {isa = PBXFileReference; lastKnownFileType = file; path = "RobotoCondensed-BoldItalic.ttf"; sourceTree = "<group>"; };
		9AA2BFF12811CE7200A55D8F /* Raleway-Italic-VariableFont_wght.ttf */ = {isa = PBXFileReference; lastKnownFileType = file; path = "Raleway-Italic-VariableFont_wght.ttf"; sourceTree = "<group>"; };
		9AA2BFF32811CE7200A55D8F /* Raleway-BoldItalic.ttf */ = {isa = PBXFileReference; lastKnownFileType = file; path = "Raleway-BoldItalic.ttf"; sourceTree = "<group>"; };
		9AA2BFF42811CE7200A55D8F /* Raleway-MediumItalic.ttf */ = {isa = PBXFileReference; lastKnownFileType = file; path = "Raleway-MediumItalic.ttf"; sourceTree = "<group>"; };
		9AA2BFF52811CE7200A55D8F /* Raleway-ThinItalic.ttf */ = {isa = PBXFileReference; lastKnownFileType = file; path = "Raleway-ThinItalic.ttf"; sourceTree = "<group>"; };
		9AA2BFF62811CE7200A55D8F /* Raleway-ExtraLight.ttf */ = {isa = PBXFileReference; lastKnownFileType = file; path = "Raleway-ExtraLight.ttf"; sourceTree = "<group>"; };
		9AA2BFF72811CE7200A55D8F /* Raleway-Medium.ttf */ = {isa = PBXFileReference; lastKnownFileType = file; path = "Raleway-Medium.ttf"; sourceTree = "<group>"; };
		9AA2BFF82811CE7200A55D8F /* Raleway-SemiBold.ttf */ = {isa = PBXFileReference; lastKnownFileType = file; path = "Raleway-SemiBold.ttf"; sourceTree = "<group>"; };
		9AA2BFF92811CE7200A55D8F /* Raleway-ExtraBold.ttf */ = {isa = PBXFileReference; lastKnownFileType = file; path = "Raleway-ExtraBold.ttf"; sourceTree = "<group>"; };
		9AA2BFFA2811CE7200A55D8F /* Raleway-ExtraBoldItalic.ttf */ = {isa = PBXFileReference; lastKnownFileType = file; path = "Raleway-ExtraBoldItalic.ttf"; sourceTree = "<group>"; };
		9AA2BFFB2811CE7200A55D8F /* Raleway-Regular.ttf */ = {isa = PBXFileReference; lastKnownFileType = file; path = "Raleway-Regular.ttf"; sourceTree = "<group>"; };
		9AA2BFFC2811CE7200A55D8F /* Raleway-ExtraLightItalic.ttf */ = {isa = PBXFileReference; lastKnownFileType = file; path = "Raleway-ExtraLightItalic.ttf"; sourceTree = "<group>"; };
		9AA2BFFD2811CE7200A55D8F /* Raleway-SemiBoldItalic.ttf */ = {isa = PBXFileReference; lastKnownFileType = file; path = "Raleway-SemiBoldItalic.ttf"; sourceTree = "<group>"; };
		9AA2BFFE2811CE7200A55D8F /* Raleway-Light.ttf */ = {isa = PBXFileReference; lastKnownFileType = file; path = "Raleway-Light.ttf"; sourceTree = "<group>"; };
		9AA2BFFF2811CE7200A55D8F /* Raleway-Black.ttf */ = {isa = PBXFileReference; lastKnownFileType = file; path = "Raleway-Black.ttf"; sourceTree = "<group>"; };
		9AA2C0002811CE7200A55D8F /* Raleway-BlackItalic.ttf */ = {isa = PBXFileReference; lastKnownFileType = file; path = "Raleway-BlackItalic.ttf"; sourceTree = "<group>"; };
		9AA2C0012811CE7200A55D8F /* Raleway-LightItalic.ttf */ = {isa = PBXFileReference; lastKnownFileType = file; path = "Raleway-LightItalic.ttf"; sourceTree = "<group>"; };
		9AA2C0022811CE7200A55D8F /* Raleway-Thin.ttf */ = {isa = PBXFileReference; lastKnownFileType = file; path = "Raleway-Thin.ttf"; sourceTree = "<group>"; };
		9AA2C0032811CE7200A55D8F /* Raleway-Italic.ttf */ = {isa = PBXFileReference; lastKnownFileType = file; path = "Raleway-Italic.ttf"; sourceTree = "<group>"; };
		9AA2C0042811CE7200A55D8F /* Raleway-Bold.ttf */ = {isa = PBXFileReference; lastKnownFileType = file; path = "Raleway-Bold.ttf"; sourceTree = "<group>"; };
		9AA2C0052811CE7200A55D8F /* OFL.txt */ = {isa = PBXFileReference; fileEncoding = 4; lastKnownFileType = text; path = OFL.txt; sourceTree = "<group>"; };
		9AA2C0062811CE7200A55D8F /* Raleway-VariableFont_wght.ttf */ = {isa = PBXFileReference; lastKnownFileType = file; path = "Raleway-VariableFont_wght.ttf"; sourceTree = "<group>"; };
		9AA2C0072811CE7200A55D8F /* README.txt */ = {isa = PBXFileReference; fileEncoding = 4; lastKnownFileType = text; path = README.txt; sourceTree = "<group>"; };
		9AA8610F28061FC0002FD013 /* On The L-ine.app */ = {isa = PBXFileReference; explicitFileType = wrapper.application; includeInIndex = 0; path = "On The L-ine.app"; sourceTree = BUILT_PRODUCTS_DIR; };
		9AA8611228061FC0002FD013 /* AppDelegate.swift */ = {isa = PBXFileReference; lastKnownFileType = sourcecode.swift; path = AppDelegate.swift; sourceTree = "<group>"; };
		9AA8611B28061FC1002FD013 /* Assets.xcassets */ = {isa = PBXFileReference; lastKnownFileType = folder.assetcatalog; path = Assets.xcassets; sourceTree = "<group>"; };
		9AA8612028061FC1002FD013 /* Info.plist */ = {isa = PBXFileReference; lastKnownFileType = text.plist.xml; path = Info.plist; sourceTree = "<group>"; };
		9AA8614528062251002FD013 /* MoveManager.swift */ = {isa = PBXFileReference; lastKnownFileType = sourcecode.swift; path = MoveManager.swift; sourceTree = "<group>"; };
		9AA8614728062251002FD013 /* GameBoardViewController.swift */ = {isa = PBXFileReference; lastKnownFileType = sourcecode.swift; path = GameBoardViewController.swift; sourceTree = "<group>"; };
		9AA8614A28062251002FD013 /* SelectionCollectionViewCell.swift */ = {isa = PBXFileReference; lastKnownFileType = sourcecode.swift; path = SelectionCollectionViewCell.swift; sourceTree = "<group>"; };
		9AA8614D28062251002FD013 /* Stack.swift */ = {isa = PBXFileReference; lastKnownFileType = sourcecode.swift; path = Stack.swift; sourceTree = "<group>"; };
		9AA8614E280622B6002FD013 /* LaunchScreen.storyboard */ = {isa = PBXFileReference; fileEncoding = 4; lastKnownFileType = file.storyboard; path = LaunchScreen.storyboard; sourceTree = "<group>"; };
		9AA8614F280622B6002FD013 /* Main.storyboard */ = {isa = PBXFileReference; fileEncoding = 4; lastKnownFileType = file.storyboard; path = Main.storyboard; sourceTree = "<group>"; };
		9AA8615928062922002FD013 /* Constants.swift */ = {isa = PBXFileReference; lastKnownFileType = sourcecode.swift; path = Constants.swift; sourceTree = "<group>"; };
		9AA8615B28062B5B002FD013 /* BoardManager.swift */ = {isa = PBXFileReference; lastKnownFileType = sourcecode.swift; path = BoardManager.swift; sourceTree = "<group>"; };
		9AA8615E28062ED5002FD013 /* BoardPiece.swift */ = {isa = PBXFileReference; lastKnownFileType = sourcecode.swift; path = BoardPiece.swift; sourceTree = "<group>"; };
		9AA8616028066E0B002FD013 /* PlayerType.swift */ = {isa = PBXFileReference; lastKnownFileType = sourcecode.swift; path = PlayerType.swift; sourceTree = "<group>"; };
		9AA86162280670E0002FD013 /* TurnManager.swift */ = {isa = PBXFileReference; lastKnownFileType = sourcecode.swift; path = TurnManager.swift; sourceTree = "<group>"; };
		9AC53DD128217BF5006E8A3E /* SoundManager.swift */ = {isa = PBXFileReference; lastKnownFileType = sourcecode.swift; path = SoundManager.swift; sourceTree = "<group>"; };
		9AC53DD428217D58006E8A3E /* music.mp3 */ = {isa = PBXFileReference; lastKnownFileType = audio.mp3; path = music.mp3; sourceTree = "<group>"; };
		9AC53DD628217EFD006E8A3E /* piece.mp3 */ = {isa = PBXFileReference; lastKnownFileType = audio.mp3; path = piece.mp3; sourceTree = "<group>"; };
		9AC53DD92821983D006E8A3E /* ToastConfiguration.swift */ = {isa = PBXFileReference; fileEncoding = 4; lastKnownFileType = sourcecode.swift; path = ToastConfiguration.swift; sourceTree = "<group>"; };
		9AC53DDB2821983D006E8A3E /* ToastView.swift */ = {isa = PBXFileReference; fileEncoding = 4; lastKnownFileType = sourcecode.swift; path = ToastView.swift; sourceTree = "<group>"; };
		9AC53DDD2821983D006E8A3E /* AppleToastView.swift */ = {isa = PBXFileReference; fileEncoding = 4; lastKnownFileType = sourcecode.swift; path = AppleToastView.swift; sourceTree = "<group>"; };
		9AC53DDE2821983D006E8A3E /* TextAppleToastView.swift */ = {isa = PBXFileReference; fileEncoding = 4; lastKnownFileType = sourcecode.swift; path = TextAppleToastView.swift; sourceTree = "<group>"; };
		9AC53DDF2821983D006E8A3E /* IconAppleToastView.swift */ = {isa = PBXFileReference; fileEncoding = 4; lastKnownFileType = sourcecode.swift; path = IconAppleToastView.swift; sourceTree = "<group>"; };
		9AC53DE02821983D006E8A3E /* Toast.swift */ = {isa = PBXFileReference; fileEncoding = 4; lastKnownFileType = sourcecode.swift; path = Toast.swift; sourceTree = "<group>"; };
		9AD3433528120FD400B37131 /* GameMode.swift */ = {isa = PBXFileReference; lastKnownFileType = sourcecode.swift; path = GameMode.swift; sourceTree = "<group>"; };
		9AF3079A2852554A00FCA51D /* QRCodeManager.swift */ = {isa = PBXFileReference; lastKnownFileType = sourcecode.swift; path = QRCodeManager.swift; sourceTree = "<group>"; };
		F3AF38C39125AEB556FD6A2D /* Pods_On_The_L_ine.framework */ = {isa = PBXFileReference; explicitFileType = wrapper.framework; includeInIndex = 0; path = Pods_On_The_L_ine.framework; sourceTree = BUILT_PRODUCTS_DIR; };
/* End PBXFileReference section */

/* Begin PBXFrameworksBuildPhase section */
		9AA8610C28061FC0002FD013 /* Frameworks */ = {
			isa = PBXFrameworksBuildPhase;
			buildActionMask = 2147483647;
			files = (
				423CB3938CBBE2D9DE17E0CC /* Pods_On_The_L_ine.framework in Frameworks */,
			);
			runOnlyForDeploymentPostprocessing = 0;
		};
/* End PBXFrameworksBuildPhase section */

/* Begin PBXGroup section */
		9A0678C528173F0A00C7D82E /* Errors */ = {
			isa = PBXGroup;
			children = (
				9A0678C628173F1500C7D82E /* NetworkError.swift */,
			);
			path = Errors;
			sourceTree = "<group>";
		};
		9AA2BFDE2811C28000A55D8F /* Extensions */ = {
			isa = PBXGroup;
			children = (
				9AA2BFDF2811C28C00A55D8F /* UIView+Gradient.swift */,
				9A37C29F281471EF003C5E55 /* UIButton+CustomButton.swift */,
				9A4146BA285B660B0046CE24 /* Bundle+VersionNumber.swift */,
				9A1CCE1C28961CDB006EE289 /* ResizingFonts.swift */,
			);
			path = Extensions;
			sourceTree = "<group>";
		};
		9AA2BFE32811CC8900A55D8F /* Fonts */ = {
			isa = PBXGroup;
			children = (
				9AA2C01E2811CE7600A55D8F /* Roboto Condensed */,
				9AA2BFF02811CE7200A55D8F /* Raleway */,
			);
			path = Fonts;
			sourceTree = "<group>";
		};
		9AA2BFF02811CE7200A55D8F /* Raleway */ = {
			isa = PBXGroup;
			children = (
				9AA2BFF12811CE7200A55D8F /* Raleway-Italic-VariableFont_wght.ttf */,
				9AA2BFF22811CE7200A55D8F /* static */,
				9AA2C0052811CE7200A55D8F /* OFL.txt */,
				9AA2C0062811CE7200A55D8F /* Raleway-VariableFont_wght.ttf */,
				9AA2C0072811CE7200A55D8F /* README.txt */,
			);
			path = Raleway;
			sourceTree = "<group>";
		};
		9AA2BFF22811CE7200A55D8F /* static */ = {
			isa = PBXGroup;
			children = (
				9AA2BFF32811CE7200A55D8F /* Raleway-BoldItalic.ttf */,
				9AA2BFF42811CE7200A55D8F /* Raleway-MediumItalic.ttf */,
				9AA2BFF52811CE7200A55D8F /* Raleway-ThinItalic.ttf */,
				9AA2BFF62811CE7200A55D8F /* Raleway-ExtraLight.ttf */,
				9AA2BFF72811CE7200A55D8F /* Raleway-Medium.ttf */,
				9AA2BFF82811CE7200A55D8F /* Raleway-SemiBold.ttf */,
				9AA2BFF92811CE7200A55D8F /* Raleway-ExtraBold.ttf */,
				9AA2BFFA2811CE7200A55D8F /* Raleway-ExtraBoldItalic.ttf */,
				9AA2BFFB2811CE7200A55D8F /* Raleway-Regular.ttf */,
				9AA2BFFC2811CE7200A55D8F /* Raleway-ExtraLightItalic.ttf */,
				9AA2BFFD2811CE7200A55D8F /* Raleway-SemiBoldItalic.ttf */,
				9AA2BFFE2811CE7200A55D8F /* Raleway-Light.ttf */,
				9AA2BFFF2811CE7200A55D8F /* Raleway-Black.ttf */,
				9AA2C0002811CE7200A55D8F /* Raleway-BlackItalic.ttf */,
				9AA2C0012811CE7200A55D8F /* Raleway-LightItalic.ttf */,
				9AA2C0022811CE7200A55D8F /* Raleway-Thin.ttf */,
				9AA2C0032811CE7200A55D8F /* Raleway-Italic.ttf */,
				9AA2C0042811CE7200A55D8F /* Raleway-Bold.ttf */,
			);
			path = static;
			sourceTree = "<group>";
		};
		9AA2C01E2811CE7600A55D8F /* Roboto Condensed */ = {
			isa = PBXGroup;
			children = (
				9AA2BFE62811CCA800A55D8F /* RobotoCondensed-Bold.ttf */,
				9AA2BFE92811CCA800A55D8F /* RobotoCondensed-BoldItalic.ttf */,
				9AA2BFE52811CCA800A55D8F /* RobotoCondensed-Italic.ttf */,
				9AA2BFE72811CCA800A55D8F /* RobotoCondensed-Light.ttf */,
				9AA2BFE42811CCA800A55D8F /* RobotoCondensed-LightItalic.ttf */,
				9AA2BFE82811CCA800A55D8F /* RobotoCondensed-Regular.ttf */,
			);
			path = "Roboto Condensed";
			sourceTree = "<group>";
		};
		9AA8610628061FC0002FD013 = {
			isa = PBXGroup;
			children = (
				9AA8611128061FC0002FD013 /* On The L-ine */,
				9AA8611028061FC0002FD013 /* Products */,
				FB49B8A419D0328805ABEA2C /* Pods */,
				E2AFE277CC88878D952216A7 /* Frameworks */,
			);
			sourceTree = "<group>";
		};
		9AA8611028061FC0002FD013 /* Products */ = {
			isa = PBXGroup;
			children = (
				9AA8610F28061FC0002FD013 /* On The L-ine.app */,
			);
			name = Products;
			sourceTree = "<group>";
		};
		9AA8611128061FC0002FD013 /* On The L-ine */ = {
			isa = PBXGroup;
			children = (
				9A4C0A2328149FB000765FAC /* On The L-ine.entitlements */,
				9AA861572806287C002FD013 /* Game Logic */,
				9AA8614228062251002FD013 /* Controllers */,
				9AA8614328062251002FD013 /* Views */,
				9AA8615D28062E76002FD013 /* Models */,
				9AA8614428062251002FD013 /* Utils */,
				9AA8612628062115002FD013 /* Resources */,
				9A1433F02814998B00FCDC70 /* GoogleService-Info.plist */,
			);
			path = "On The L-ine";
			sourceTree = "<group>";
		};
		9AA8612628062115002FD013 /* Resources */ = {
			isa = PBXGroup;
			children = (
				9AC53DD328217D4B006E8A3E /* Sounds */,
				9AA2BFE32811CC8900A55D8F /* Fonts */,
				9AA8611228061FC0002FD013 /* AppDelegate.swift */,
				9AA8611B28061FC1002FD013 /* Assets.xcassets */,
				9AA8612028061FC1002FD013 /* Info.plist */,
			);
			path = Resources;
			sourceTree = "<group>";
		};
		9AA8614228062251002FD013 /* Controllers */ = {
			isa = PBXGroup;
			children = (
				9AA8614628062251002FD013 /* View Controllers */,
			);
			path = Controllers;
			sourceTree = "<group>";
		};
		9AA8614328062251002FD013 /* Views */ = {
			isa = PBXGroup;
			children = (
				9AA8614B28062251002FD013 /* Storyboards */,
				9AA8614928062251002FD013 /* Custom */,
			);
			path = Views;
			sourceTree = "<group>";
		};
		9AA8614428062251002FD013 /* Utils */ = {
			isa = PBXGroup;
			children = (
				9AC53DD82821983D006E8A3E /* Toast */,
				9A0678C528173F0A00C7D82E /* Errors */,
				9AA2BFDE2811C28000A55D8F /* Extensions */,
				9AA8614C28062251002FD013 /* Data Structures */,
				9A9252D1281058FF0069BAFC /* Benchmarkers.swift */,
				9A9252D32810A3730069BAFC /* Colors.swift */,
				9A8BD8982813A4FE00ED1701 /* NotificationManager.swift */,
				9A57A9D02814F355001D8013 /* AuthManager.swift */,
				9A57A9D22814FE54001D8013 /* FirestoreManager.swift */,
				9A0678C328171CE800C7D82E /* HTTPServerManager.swift */,
				9A0678C8281752C600C7D82E /* WebSocketManager.swift */,
				9AC53DD128217BF5006E8A3E /* SoundManager.swift */,
				9A153DD42823330E00537CDE /* DeepLinkManager.swift */,
				9AF3079A2852554A00FCA51D /* QRCodeManager.swift */,
				9A4146BC285B6D1F0046CE24 /* AlertCardManager.swift */,
			);
			path = Utils;
			sourceTree = "<group>";
		};
		9AA8614628062251002FD013 /* View Controllers */ = {
			isa = PBXGroup;
			children = (
				9AA2BFE12811C33900A55D8F /* MainMenuViewController.swift */,
				9A9A12B6281AE56700AE23E1 /* OnlineMenuViewController.swift */,
				9A0678CC2818A30E00C7D82E /* AccountFormViewController.swift */,
				9AA8614728062251002FD013 /* GameBoardViewController.swift */,
				9A9A12BE281B045300AE23E1 /* QueueViewController.swift */,
				9A9A12BA281B027300AE23E1 /* MatchFoundViewController.swift */,
				9A7304D9281B562800E86636 /* CreateRoomViewController.swift */,
				9A7304DB281C3CD600E86636 /* JoinRoomViewController.swift */,
				9A153DD22822D31000537CDE /* LoadingViewController.swift */,
				9A153DD628244F2C00537CDE /* ResultScreenViewController.swift */,
				9A0AEC1F2898518D0070BFE4 /* AccountSettingsViewController.swift */,
			);
			path = "View Controllers";
			sourceTree = "<group>";
		};
		9AA8614928062251002FD013 /* Custom */ = {
			isa = PBXGroup;
			children = (
				9AA8614A28062251002FD013 /* SelectionCollectionViewCell.swift */,
				9A0678D02818ACF600C7D82E /* CustomTextField.swift */,
			);
			path = Custom;
			sourceTree = "<group>";
		};
		9AA8614B28062251002FD013 /* Storyboards */ = {
			isa = PBXGroup;
			children = (
				9AA8614F280622B6002FD013 /* Main.storyboard */,
				9AA8614E280622B6002FD013 /* LaunchScreen.storyboard */,
			);
			path = Storyboards;
			sourceTree = "<group>";
		};
		9AA8614C28062251002FD013 /* Data Structures */ = {
			isa = PBXGroup;
			children = (
				9AA8614D28062251002FD013 /* Stack.swift */,
			);
			path = "Data Structures";
			sourceTree = "<group>";
		};
		9AA861572806287C002FD013 /* Game Logic */ = {
			isa = PBXGroup;
			children = (
				9AA8615828062881002FD013 /* Utils */,
				9AA8615928062922002FD013 /* Constants.swift */,
			);
			path = "Game Logic";
			sourceTree = "<group>";
		};
		9AA8615828062881002FD013 /* Utils */ = {
			isa = PBXGroup;
			children = (
				9AA8614528062251002FD013 /* MoveManager.swift */,
				9AA8615B28062B5B002FD013 /* BoardManager.swift */,
				9AA86162280670E0002FD013 /* TurnManager.swift */,
				9A170D14280F049E0012A60D /* ComputerManager.swift */,
				9A9A12BC281B037200AE23E1 /* OnlineMatchManager.swift */,
				9A1937F2285E114800C39B5A /* TutorialManager.swift */,
			);
			path = Utils;
			sourceTree = "<group>";
		};
		9AA8615D28062E76002FD013 /* Models */ = {
			isa = PBXGroup;
			children = (
				9A538FA9280DBE9A00E9E55C /* Board.swift */,
				9AA8615E28062ED5002FD013 /* BoardPiece.swift */,
				9AA8616028066E0B002FD013 /* PlayerType.swift */,
				9AD3433528120FD400B37131 /* GameMode.swift */,
			);
			path = Models;
			sourceTree = "<group>";
		};
		9AC53DD328217D4B006E8A3E /* Sounds */ = {
			isa = PBXGroup;
			children = (
				9AC53DD428217D58006E8A3E /* music.mp3 */,
				9AC53DD628217EFD006E8A3E /* piece.mp3 */,
			);
			path = Sounds;
			sourceTree = "<group>";
		};
		9AC53DD82821983D006E8A3E /* Toast */ = {
			isa = PBXGroup;
			children = (
				9AC53DD92821983D006E8A3E /* ToastConfiguration.swift */,
				9AC53DDA2821983D006E8A3E /* ToastViews */,
				9AC53DE02821983D006E8A3E /* Toast.swift */,
			);
			path = Toast;
			sourceTree = "<group>";
		};
		9AC53DDA2821983D006E8A3E /* ToastViews */ = {
			isa = PBXGroup;
			children = (
				9AC53DDB2821983D006E8A3E /* ToastView.swift */,
				9AC53DDC2821983D006E8A3E /* AppleToastView */,
			);
			path = ToastViews;
			sourceTree = "<group>";
		};
		9AC53DDC2821983D006E8A3E /* AppleToastView */ = {
			isa = PBXGroup;
			children = (
				9AC53DDD2821983D006E8A3E /* AppleToastView.swift */,
				9AC53DDE2821983D006E8A3E /* TextAppleToastView.swift */,
				9AC53DDF2821983D006E8A3E /* IconAppleToastView.swift */,
			);
			path = AppleToastView;
			sourceTree = "<group>";
		};
		E2AFE277CC88878D952216A7 /* Frameworks */ = {
			isa = PBXGroup;
			children = (
				F3AF38C39125AEB556FD6A2D /* Pods_On_The_L_ine.framework */,
			);
			name = Frameworks;
			sourceTree = "<group>";
		};
		FB49B8A419D0328805ABEA2C /* Pods */ = {
			isa = PBXGroup;
			children = (
				5693FE55FB59C8529DB10E8E /* Pods-On The L-ine.debug.xcconfig */,
				0FD6C652F40FF5CAB46497B2 /* Pods-On The L-ine.release.xcconfig */,
			);
			path = Pods;
			sourceTree = "<group>";
		};
/* End PBXGroup section */

/* Begin PBXNativeTarget section */
		9AA8610E28061FC0002FD013 /* On The L-ine */ = {
			isa = PBXNativeTarget;
			buildConfigurationList = 9AA8612328061FC1002FD013 /* Build configuration list for PBXNativeTarget "On The L-ine" */;
			buildPhases = (
				760CEC2A3CFD3AA7AF39D65E /* [CP] Check Pods Manifest.lock */,
				9AA8610B28061FC0002FD013 /* Sources */,
				9AA8610C28061FC0002FD013 /* Frameworks */,
				9AA8610D28061FC0002FD013 /* Resources */,
				DC155B0629F5595E6F69149C /* [CP] Embed Pods Frameworks */,
			);
			buildRules = (
			);
			dependencies = (
			);
			name = "On The L-ine";
			productName = "L Game";
			productReference = 9AA8610F28061FC0002FD013 /* On The L-ine.app */;
			productType = "com.apple.product-type.application";
		};
/* End PBXNativeTarget section */

/* Begin PBXProject section */
		9AA8610728061FC0002FD013 /* Project object */ = {
			isa = PBXProject;
			attributes = {
				BuildIndependentTargetsInParallel = 1;
				LastSwiftUpdateCheck = 1330;
				LastUpgradeCheck = 1330;
				TargetAttributes = {
					9AA8610E28061FC0002FD013 = {
						CreatedOnToolsVersion = 13.3.1;
					};
				};
			};
			buildConfigurationList = 9AA8610A28061FC0002FD013 /* Build configuration list for PBXProject "On The L-ine" */;
			compatibilityVersion = "Xcode 13.0";
			developmentRegion = en;
			hasScannedForEncodings = 0;
			knownRegions = (
				en,
				Base,
			);
			mainGroup = 9AA8610628061FC0002FD013;
			productRefGroup = 9AA8611028061FC0002FD013 /* Products */;
			projectDirPath = "";
			projectRoot = "";
			targets = (
				9AA8610E28061FC0002FD013 /* On The L-ine */,
			);
		};
/* End PBXProject section */

/* Begin PBXResourcesBuildPhase section */
		9AA8610D28061FC0002FD013 /* Resources */ = {
			isa = PBXResourcesBuildPhase;
			buildActionMask = 2147483647;
			files = (
				9AA2C0122811CE7200A55D8F /* Raleway-ExtraLightItalic.ttf in Resources */,
				9AA2BFEC2811CCA800A55D8F /* RobotoCondensed-Bold.ttf in Resources */,
				9AA2C00E2811CE7200A55D8F /* Raleway-SemiBold.ttf in Resources */,
				9AA86151280622B6002FD013 /* Main.storyboard in Resources */,
				9AA2BFEF2811CCA800A55D8F /* RobotoCondensed-BoldItalic.ttf in Resources */,
				9AA2C0112811CE7200A55D8F /* Raleway-Regular.ttf in Resources */,
				9AA2C00F2811CE7200A55D8F /* Raleway-ExtraBold.ttf in Resources */,
				9AA2C01A2811CE7200A55D8F /* Raleway-Bold.ttf in Resources */,
				9AA2C0092811CE7200A55D8F /* Raleway-BoldItalic.ttf in Resources */,
				9AC53DD728217EFD006E8A3E /* piece.mp3 in Resources */,
				9AA2C0162811CE7200A55D8F /* Raleway-BlackItalic.ttf in Resources */,
				9AA2C0182811CE7200A55D8F /* Raleway-Thin.ttf in Resources */,
				9AA2C0192811CE7200A55D8F /* Raleway-Italic.ttf in Resources */,
				9AA8611C28061FC1002FD013 /* Assets.xcassets in Resources */,
				9AA2BFEA2811CCA800A55D8F /* RobotoCondensed-LightItalic.ttf in Resources */,
				9AA2C0102811CE7200A55D8F /* Raleway-ExtraBoldItalic.ttf in Resources */,
				9AA2C0142811CE7200A55D8F /* Raleway-Light.ttf in Resources */,
				9AA2C0152811CE7200A55D8F /* Raleway-Black.ttf in Resources */,
				9AA2BFED2811CCA800A55D8F /* RobotoCondensed-Light.ttf in Resources */,
				9AA2C01B2811CE7200A55D8F /* OFL.txt in Resources */,
				9AA2C0132811CE7200A55D8F /* Raleway-SemiBoldItalic.ttf in Resources */,
				9AA2C01D2811CE7200A55D8F /* README.txt in Resources */,
				9AA2C00D2811CE7200A55D8F /* Raleway-Medium.ttf in Resources */,
				9AA86150280622B6002FD013 /* LaunchScreen.storyboard in Resources */,
				9AA2BFEE2811CCA800A55D8F /* RobotoCondensed-Regular.ttf in Resources */,
				9AA2C00A2811CE7200A55D8F /* Raleway-MediumItalic.ttf in Resources */,
				9A1433F12814998B00FCDC70 /* GoogleService-Info.plist in Resources */,
				9AA2C00B2811CE7200A55D8F /* Raleway-ThinItalic.ttf in Resources */,
				9AA2C01C2811CE7200A55D8F /* Raleway-VariableFont_wght.ttf in Resources */,
				9AA2BFEB2811CCA800A55D8F /* RobotoCondensed-Italic.ttf in Resources */,
				9AA2C0172811CE7200A55D8F /* Raleway-LightItalic.ttf in Resources */,
				9AA2C00C2811CE7200A55D8F /* Raleway-ExtraLight.ttf in Resources */,
				9AA2C0082811CE7200A55D8F /* Raleway-Italic-VariableFont_wght.ttf in Resources */,
				9AC53DD528217D58006E8A3E /* music.mp3 in Resources */,
			);
			runOnlyForDeploymentPostprocessing = 0;
		};
/* End PBXResourcesBuildPhase section */

/* Begin PBXShellScriptBuildPhase section */
		760CEC2A3CFD3AA7AF39D65E /* [CP] Check Pods Manifest.lock */ = {
			isa = PBXShellScriptBuildPhase;
			buildActionMask = 2147483647;
			files = (
			);
			inputFileListPaths = (
			);
			inputPaths = (
				"${PODS_PODFILE_DIR_PATH}/Podfile.lock",
				"${PODS_ROOT}/Manifest.lock",
			);
			name = "[CP] Check Pods Manifest.lock";
			outputFileListPaths = (
			);
			outputPaths = (
				"$(DERIVED_FILE_DIR)/Pods-On The L-ine-checkManifestLockResult.txt",
			);
			runOnlyForDeploymentPostprocessing = 0;
			shellPath = /bin/sh;
			shellScript = "diff \"${PODS_PODFILE_DIR_PATH}/Podfile.lock\" \"${PODS_ROOT}/Manifest.lock\" > /dev/null\nif [ $? != 0 ] ; then\n    # print error to STDERR\n    echo \"error: The sandbox is not in sync with the Podfile.lock. Run 'pod install' or update your CocoaPods installation.\" >&2\n    exit 1\nfi\n# This output is used by Xcode 'outputs' to avoid re-running this script phase.\necho \"SUCCESS\" > \"${SCRIPT_OUTPUT_FILE_0}\"\n";
			showEnvVarsInLog = 0;
		};
		DC155B0629F5595E6F69149C /* [CP] Embed Pods Frameworks */ = {
			isa = PBXShellScriptBuildPhase;
			buildActionMask = 2147483647;
			files = (
			);
			inputFileListPaths = (
				"${PODS_ROOT}/Target Support Files/Pods-On The L-ine/Pods-On The L-ine-frameworks-${CONFIGURATION}-input-files.xcfilelist",
			);
			name = "[CP] Embed Pods Frameworks";
			outputFileListPaths = (
				"${PODS_ROOT}/Target Support Files/Pods-On The L-ine/Pods-On The L-ine-frameworks-${CONFIGURATION}-output-files.xcfilelist",
			);
			runOnlyForDeploymentPostprocessing = 0;
			shellPath = /bin/sh;
			shellScript = "\"${PODS_ROOT}/Target Support Files/Pods-On The L-ine/Pods-On The L-ine-frameworks.sh\"\n";
			showEnvVarsInLog = 0;
		};
/* End PBXShellScriptBuildPhase section */

/* Begin PBXSourcesBuildPhase section */
		9AA8610B28061FC0002FD013 /* Sources */ = {
			isa = PBXSourcesBuildPhase;
			buildActionMask = 2147483647;
			files = (
				9A0678CD2818A30E00C7D82E /* AccountFormViewController.swift in Sources */,
				9AA8616128066E0B002FD013 /* PlayerType.swift in Sources */,
				9A7304DC281C3CD600E86636 /* JoinRoomViewController.swift in Sources */,
				9A57A9D12814F355001D8013 /* AuthManager.swift in Sources */,
				9A9252D42810A3730069BAFC /* Colors.swift in Sources */,
				9AA2BFE02811C28C00A55D8F /* UIView+Gradient.swift in Sources */,
				9AA8611328061FC0002FD013 /* AppDelegate.swift in Sources */,
				9A9A12B7281AE56700AE23E1 /* OnlineMenuViewController.swift in Sources */,
				9A538FAA280DBE9A00E9E55C /* Board.swift in Sources */,
				9A0678C428171CE800C7D82E /* HTTPServerManager.swift in Sources */,
				9AC53DE12821983D006E8A3E /* ToastConfiguration.swift in Sources */,
				9A1937F3285E114800C39B5A /* TutorialManager.swift in Sources */,
				9A7304DA281B562800E86636 /* CreateRoomViewController.swift in Sources */,
				9A153DD728244F2C00537CDE /* ResultScreenViewController.swift in Sources */,
				9A0678D12818ACF600C7D82E /* CustomTextField.swift in Sources */,
				9AA8615228062688002FD013 /* GameBoardViewController.swift in Sources */,
				9A9A12BD281B037200AE23E1 /* OnlineMatchManager.swift in Sources */,
				9A153DD52823330E00537CDE /* DeepLinkManager.swift in Sources */,
				9AC53DE22821983D006E8A3E /* ToastView.swift in Sources */,
				9AF3079B2852554A00FCA51D /* QRCodeManager.swift in Sources */,
				9AC53DE62821983E006E8A3E /* Toast.swift in Sources */,
				9A0678C728173F1500C7D82E /* NetworkError.swift in Sources */,
				9AA8615428062699002FD013 /* MoveManager.swift in Sources */,
				9AC53DE52821983D006E8A3E /* IconAppleToastView.swift in Sources */,
				9A4146BD285B6D1F0046CE24 /* AlertCardManager.swift in Sources */,
				9A9A12BB281B027300AE23E1 /* MatchFoundViewController.swift in Sources */,
				9A170D15280F049E0012A60D /* ComputerManager.swift in Sources */,
				9A1CCE1D28961CDB006EE289 /* ResizingFonts.swift in Sources */,
				9AA8615A28062922002FD013 /* Constants.swift in Sources */,
				9AC53DE42821983D006E8A3E /* TextAppleToastView.swift in Sources */,
				9AC53DE32821983D006E8A3E /* AppleToastView.swift in Sources */,
				9A37C2A0281471EF003C5E55 /* UIButton+CustomButton.swift in Sources */,
				9A4146BB285B660C0046CE24 /* Bundle+VersionNumber.swift in Sources */,
				9A9252D2281058FF0069BAFC /* Benchmarkers.swift in Sources */,
				9AA2BFE22811C33900A55D8F /* MainMenuViewController.swift in Sources */,
				9A0AEC202898518D0070BFE4 /* AccountSettingsViewController.swift in Sources */,
				9A0678C9281752C600C7D82E /* WebSocketManager.swift in Sources */,
				9AA8615C28062B5B002FD013 /* BoardManager.swift in Sources */,
				9AA8615F28062ED5002FD013 /* BoardPiece.swift in Sources */,
				9AD3433628120FD400B37131 /* GameMode.swift in Sources */,
				9A8BD8992813A4FE00ED1701 /* NotificationManager.swift in Sources */,
				9AA861552806269D002FD013 /* Stack.swift in Sources */,
				9A9A12BF281B045300AE23E1 /* QueueViewController.swift in Sources */,
				9AA86163280670E0002FD013 /* TurnManager.swift in Sources */,
				9AA861532806268E002FD013 /* SelectionCollectionViewCell.swift in Sources */,
				9A57A9D32814FE54001D8013 /* FirestoreManager.swift in Sources */,
				9A153DD32822D31000537CDE /* LoadingViewController.swift in Sources */,
				9AC53DD228217BF5006E8A3E /* SoundManager.swift in Sources */,
			);
			runOnlyForDeploymentPostprocessing = 0;
		};
/* End PBXSourcesBuildPhase section */

/* Begin XCBuildConfiguration section */
		9AA8612128061FC1002FD013 /* Debug */ = {
			isa = XCBuildConfiguration;
			buildSettings = {
				ALWAYS_SEARCH_USER_PATHS = NO;
				CLANG_ANALYZER_NONNULL = YES;
				CLANG_ANALYZER_NUMBER_OBJECT_CONVERSION = YES_AGGRESSIVE;
				CLANG_CXX_LANGUAGE_STANDARD = "gnu++17";
				CLANG_ENABLE_MODULES = YES;
				CLANG_ENABLE_OBJC_ARC = YES;
				CLANG_ENABLE_OBJC_WEAK = YES;
				CLANG_WARN_BLOCK_CAPTURE_AUTORELEASING = YES;
				CLANG_WARN_BOOL_CONVERSION = YES;
				CLANG_WARN_COMMA = YES;
				CLANG_WARN_CONSTANT_CONVERSION = YES;
				CLANG_WARN_DEPRECATED_OBJC_IMPLEMENTATIONS = YES;
				CLANG_WARN_DIRECT_OBJC_ISA_USAGE = YES_ERROR;
				CLANG_WARN_DOCUMENTATION_COMMENTS = YES;
				CLANG_WARN_EMPTY_BODY = YES;
				CLANG_WARN_ENUM_CONVERSION = YES;
				CLANG_WARN_INFINITE_RECURSION = YES;
				CLANG_WARN_INT_CONVERSION = YES;
				CLANG_WARN_NON_LITERAL_NULL_CONVERSION = YES;
				CLANG_WARN_OBJC_IMPLICIT_RETAIN_SELF = YES;
				CLANG_WARN_OBJC_LITERAL_CONVERSION = YES;
				CLANG_WARN_OBJC_ROOT_CLASS = YES_ERROR;
				CLANG_WARN_QUOTED_INCLUDE_IN_FRAMEWORK_HEADER = YES;
				CLANG_WARN_RANGE_LOOP_ANALYSIS = YES;
				CLANG_WARN_STRICT_PROTOTYPES = YES;
				CLANG_WARN_SUSPICIOUS_MOVE = YES;
				CLANG_WARN_UNGUARDED_AVAILABILITY = YES_AGGRESSIVE;
				CLANG_WARN_UNREACHABLE_CODE = YES;
				CLANG_WARN__DUPLICATE_METHOD_MATCH = YES;
				COPY_PHASE_STRIP = NO;
				DEBUG_INFORMATION_FORMAT = dwarf;
				ENABLE_STRICT_OBJC_MSGSEND = YES;
				ENABLE_TESTABILITY = YES;
				GCC_C_LANGUAGE_STANDARD = gnu11;
				GCC_DYNAMIC_NO_PIC = NO;
				GCC_NO_COMMON_BLOCKS = YES;
				GCC_OPTIMIZATION_LEVEL = 0;
				GCC_PREPROCESSOR_DEFINITIONS = (
					"DEBUG=1",
					"$(inherited)",
				);
				GCC_WARN_64_TO_32_BIT_CONVERSION = YES;
				GCC_WARN_ABOUT_RETURN_TYPE = YES_ERROR;
				GCC_WARN_UNDECLARED_SELECTOR = YES;
				GCC_WARN_UNINITIALIZED_AUTOS = YES_AGGRESSIVE;
				GCC_WARN_UNUSED_FUNCTION = YES;
				GCC_WARN_UNUSED_VARIABLE = YES;
				INFOPLIST_FILE = "On The L-ine/Resources/Info.plist";
				IPHONEOS_DEPLOYMENT_TARGET = 15.0;
				MTL_ENABLE_DEBUG_INFO = INCLUDE_SOURCE;
				MTL_FAST_MATH = YES;
				ONLY_ACTIVE_ARCH = YES;
				SDKROOT = iphoneos;
				SWIFT_ACTIVE_COMPILATION_CONDITIONS = DEBUG;
				SWIFT_OPTIMIZATION_LEVEL = "-Onone";
			};
			name = Debug;
		};
		9AA8612228061FC1002FD013 /* Release */ = {
			isa = XCBuildConfiguration;
			buildSettings = {
				ALWAYS_SEARCH_USER_PATHS = NO;
				CLANG_ANALYZER_NONNULL = YES;
				CLANG_ANALYZER_NUMBER_OBJECT_CONVERSION = YES_AGGRESSIVE;
				CLANG_CXX_LANGUAGE_STANDARD = "gnu++17";
				CLANG_ENABLE_MODULES = YES;
				CLANG_ENABLE_OBJC_ARC = YES;
				CLANG_ENABLE_OBJC_WEAK = YES;
				CLANG_WARN_BLOCK_CAPTURE_AUTORELEASING = YES;
				CLANG_WARN_BOOL_CONVERSION = YES;
				CLANG_WARN_COMMA = YES;
				CLANG_WARN_CONSTANT_CONVERSION = YES;
				CLANG_WARN_DEPRECATED_OBJC_IMPLEMENTATIONS = YES;
				CLANG_WARN_DIRECT_OBJC_ISA_USAGE = YES_ERROR;
				CLANG_WARN_DOCUMENTATION_COMMENTS = YES;
				CLANG_WARN_EMPTY_BODY = YES;
				CLANG_WARN_ENUM_CONVERSION = YES;
				CLANG_WARN_INFINITE_RECURSION = YES;
				CLANG_WARN_INT_CONVERSION = YES;
				CLANG_WARN_NON_LITERAL_NULL_CONVERSION = YES;
				CLANG_WARN_OBJC_IMPLICIT_RETAIN_SELF = YES;
				CLANG_WARN_OBJC_LITERAL_CONVERSION = YES;
				CLANG_WARN_OBJC_ROOT_CLASS = YES_ERROR;
				CLANG_WARN_QUOTED_INCLUDE_IN_FRAMEWORK_HEADER = YES;
				CLANG_WARN_RANGE_LOOP_ANALYSIS = YES;
				CLANG_WARN_STRICT_PROTOTYPES = YES;
				CLANG_WARN_SUSPICIOUS_MOVE = YES;
				CLANG_WARN_UNGUARDED_AVAILABILITY = YES_AGGRESSIVE;
				CLANG_WARN_UNREACHABLE_CODE = YES;
				CLANG_WARN__DUPLICATE_METHOD_MATCH = YES;
				COPY_PHASE_STRIP = NO;
				DEBUG_INFORMATION_FORMAT = "dwarf-with-dsym";
				ENABLE_NS_ASSERTIONS = NO;
				ENABLE_STRICT_OBJC_MSGSEND = YES;
				GCC_C_LANGUAGE_STANDARD = gnu11;
				GCC_NO_COMMON_BLOCKS = YES;
				GCC_WARN_64_TO_32_BIT_CONVERSION = YES;
				GCC_WARN_ABOUT_RETURN_TYPE = YES_ERROR;
				GCC_WARN_UNDECLARED_SELECTOR = YES;
				GCC_WARN_UNINITIALIZED_AUTOS = YES_AGGRESSIVE;
				GCC_WARN_UNUSED_FUNCTION = YES;
				GCC_WARN_UNUSED_VARIABLE = YES;
				INFOPLIST_FILE = "On The L-ine/Resources/Info.plist";
				IPHONEOS_DEPLOYMENT_TARGET = 15.0;
				MTL_ENABLE_DEBUG_INFO = NO;
				MTL_FAST_MATH = YES;
				SDKROOT = iphoneos;
				SWIFT_COMPILATION_MODE = wholemodule;
				SWIFT_OPTIMIZATION_LEVEL = "-O";
				VALIDATE_PRODUCT = YES;
			};
			name = Release;
		};
		9AA8612428061FC1002FD013 /* Debug */ = {
			isa = XCBuildConfiguration;
			baseConfigurationReference = 5693FE55FB59C8529DB10E8E /* Pods-On The L-ine.debug.xcconfig */;
			buildSettings = {
				ASSETCATALOG_COMPILER_APPICON_NAME = AppIcon;
				ASSETCATALOG_COMPILER_GLOBAL_ACCENT_COLOR_NAME = AccentColor;
				CODE_SIGN_ENTITLEMENTS = "On The L-ine/On The L-ine.entitlements";
				CODE_SIGN_STYLE = Automatic;
				CURRENT_PROJECT_VERSION = 2;
				DEVELOPMENT_TEAM = 72A8K5D64W;
				GENERATE_INFOPLIST_FILE = YES;
				INFOPLIST_FILE = "On The L-ine/Resources/Info.plist";
				INFOPLIST_KEY_CFBundleDisplayName = "On The L-ine";
				INFOPLIST_KEY_LSApplicationCategoryType = "";
				INFOPLIST_KEY_UIApplicationSupportsIndirectInputEvents = YES;
				INFOPLIST_KEY_UILaunchStoryboardName = LaunchScreen;
				INFOPLIST_KEY_UIMainStoryboardFile = Main;
				INFOPLIST_KEY_UIRequiresFullScreen = YES;
				INFOPLIST_KEY_UISupportedInterfaceOrientations = UIInterfaceOrientationPortrait;
				INFOPLIST_KEY_UISupportedInterfaceOrientations_iPad = UIInterfaceOrientationPortrait;
				INFOPLIST_KEY_UISupportedInterfaceOrientations_iPhone = UIInterfaceOrientationPortrait;
				IPHONEOS_DEPLOYMENT_TARGET = 15.0;
				LD_RUNPATH_SEARCH_PATHS = (
					"$(inherited)",
					"@executable_path/Frameworks",
				);
				MARKETING_VERSION = 1.0;
				PRODUCT_BUNDLE_IDENTIFIER = me.andrewelliott.ontheline;
				PRODUCT_NAME = "$(TARGET_NAME)";
				SWIFT_EMIT_LOC_STRINGS = YES;
				SWIFT_VERSION = 5.0;
				TARGETED_DEVICE_FAMILY = "1,2";
			};
			name = Debug;
		};
		9AA8612528061FC1002FD013 /* Release */ = {
			isa = XCBuildConfiguration;
			baseConfigurationReference = 0FD6C652F40FF5CAB46497B2 /* Pods-On The L-ine.release.xcconfig */;
			buildSettings = {
				ASSETCATALOG_COMPILER_APPICON_NAME = AppIcon;
				ASSETCATALOG_COMPILER_GLOBAL_ACCENT_COLOR_NAME = AccentColor;
				CODE_SIGN_ENTITLEMENTS = "On The L-ine/On The L-ine.entitlements";
				CODE_SIGN_STYLE = Automatic;
				CURRENT_PROJECT_VERSION = 2;
				DEVELOPMENT_TEAM = 72A8K5D64W;
				GENERATE_INFOPLIST_FILE = YES;
				INFOPLIST_FILE = "On The L-ine/Resources/Info.plist";
				INFOPLIST_KEY_CFBundleDisplayName = "On The L-ine";
				INFOPLIST_KEY_LSApplicationCategoryType = "";
				INFOPLIST_KEY_UIApplicationSupportsIndirectInputEvents = YES;
				INFOPLIST_KEY_UILaunchStoryboardName = LaunchScreen;
				INFOPLIST_KEY_UIMainStoryboardFile = Main;
				INFOPLIST_KEY_UIRequiresFullScreen = YES;
				INFOPLIST_KEY_UISupportedInterfaceOrientations = UIInterfaceOrientationPortrait;
				INFOPLIST_KEY_UISupportedInterfaceOrientations_iPad = UIInterfaceOrientationPortrait;
				INFOPLIST_KEY_UISupportedInterfaceOrientations_iPhone = UIInterfaceOrientationPortrait;
				IPHONEOS_DEPLOYMENT_TARGET = 15.0;
				LD_RUNPATH_SEARCH_PATHS = (
					"$(inherited)",
					"@executable_path/Frameworks",
				);
				MARKETING_VERSION = 1.0;
				PRODUCT_BUNDLE_IDENTIFIER = me.andrewelliott.ontheline;
				PRODUCT_NAME = "$(TARGET_NAME)";
				SWIFT_EMIT_LOC_STRINGS = YES;
				SWIFT_VERSION = 5.0;
				TARGETED_DEVICE_FAMILY = "1,2";
			};
			name = Release;
		};
/* End XCBuildConfiguration section */

/* Begin XCConfigurationList section */
		9AA8610A28061FC0002FD013 /* Build configuration list for PBXProject "On The L-ine" */ = {
			isa = XCConfigurationList;
			buildConfigurations = (
				9AA8612128061FC1002FD013 /* Debug */,
				9AA8612228061FC1002FD013 /* Release */,
			);
			defaultConfigurationIsVisible = 0;
			defaultConfigurationName = Release;
		};
		9AA8612328061FC1002FD013 /* Build configuration list for PBXNativeTarget "On The L-ine" */ = {
			isa = XCConfigurationList;
			buildConfigurations = (
				9AA8612428061FC1002FD013 /* Debug */,
				9AA8612528061FC1002FD013 /* Release */,
			);
			defaultConfigurationIsVisible = 0;
			defaultConfigurationName = Release;
		};
/* End XCConfigurationList section */
	};
	rootObject = 9AA8610728061FC0002FD013 /* Project object */;
}
